// !$*UTF8*$!
{
	archiveVersion = 1;
	classes = {
	};
	objectVersion = 46;
	objects = {

/* Begin PBXBuildFile section */
		6E04F9681C7F21A800D24389 /* Player.cpp in Sources */ = {isa = PBXBuildFile; fileRef = 6E04F9661C7F21A800D24389 /* Player.cpp */; };
		6E18F5BA1C9AF6F400E7763F /* Pop.cpp in Sources */ = {isa = PBXBuildFile; fileRef = 6E18F5B81C9AF6F400E7763F /* Pop.cpp */; };
		6E18F5BE1C9C0D4A00E7763F /* Projectile.cpp in Sources */ = {isa = PBXBuildFile; fileRef = 6E18F5BC1C9C0D4A00E7763F /* Projectile.cpp */; };
		6E18F5C41C9C6D4800E7763F /* Pickup.cpp in Sources */ = {isa = PBXBuildFile; fileRef = 6E18F5C21C9C6D4800E7763F /* Pickup.cpp */; };
		6E18F5C91C9D864A00E7763F /* Health_PU.cpp in Sources */ = {isa = PBXBuildFile; fileRef = 6E18F5C71C9D864A00E7763F /* Health_PU.cpp */; };
		6E18F5CC1C9D866600E7763F /* Damage_PU.cpp in Sources */ = {isa = PBXBuildFile; fileRef = 6E18F5CA1C9D866600E7763F /* Damage_PU.cpp */; };
		6E18F5CF1C9D867B00E7763F /* Speed_PU.cpp in Sources */ = {isa = PBXBuildFile; fileRef = 6E18F5CD1C9D867B00E7763F /* Speed_PU.cpp */; };
		6E18F5D21C9D868F00E7763F /* ShotSpeed_PU.cpp in Sources */ = {isa = PBXBuildFile; fileRef = 6E18F5D01C9D868F00E7763F /* ShotSpeed_PU.cpp */; };
		6E18F5D61C9DA50500E7763F /* FireRate_PU.cpp in Sources */ = {isa = PBXBuildFile; fileRef = 6E18F5D41C9DA50500E7763F /* FireRate_PU.cpp */; };
		6E18F5DA1C9DF9FF00E7763F /* TrapDoor.cpp in Sources */ = {isa = PBXBuildFile; fileRef = 6E18F5D81C9DF9FF00E7763F /* TrapDoor.cpp */; };
		6E18F5DE1C9DFC1F00E7763F /* BossFloor.cpp in Sources */ = {isa = PBXBuildFile; fileRef = 6E18F5DC1C9DFC1F00E7763F /* BossFloor.cpp */; };
		6E18F5E21C9E000B00E7763F /* SpawnFloor.cpp in Sources */ = {isa = PBXBuildFile; fileRef = 6E18F5E01C9E000B00E7763F /* SpawnFloor.cpp */; };
		6E2CA2631C6CAFC1009474C8 /* NormalRoom.cpp in Sources */ = {isa = PBXBuildFile; fileRef = 6E2CA2611C6CAFC1009474C8 /* NormalRoom.cpp */; };
		6E2CA2661C6CAFD5009474C8 /* BossRoom.cpp in Sources */ = {isa = PBXBuildFile; fileRef = 6E2CA2641C6CAFD5009474C8 /* BossRoom.cpp */; };
		6E2CA2691C6CAFE7009474C8 /* ItemRoom.cpp in Sources */ = {isa = PBXBuildFile; fileRef = 6E2CA2671C6CAFE7009474C8 /* ItemRoom.cpp */; };
		6E2CA26C1C6CAFFB009474C8 /* ShopRoom.cpp in Sources */ = {isa = PBXBuildFile; fileRef = 6E2CA26A1C6CAFFB009474C8 /* ShopRoom.cpp */; };
		6E3484641C66665900EDB649 /* Floor.cpp in Sources */ = {isa = PBXBuildFile; fileRef = 6E3484621C66665900EDB649 /* Floor.cpp */; };
		6E3484671C66666900EDB649 /* Room.cpp in Sources */ = {isa = PBXBuildFile; fileRef = 6E3484651C66666900EDB649 /* Room.cpp */; };
		6E41FD5E1C594A6500339344 /* Floormaker.cpp in Sources */ = {isa = PBXBuildFile; fileRef = 6E41FD5C1C594A6500339344 /* Floormaker.cpp */; };
		6E41FD611C594A6F00339344 /* GridPos.cpp in Sources */ = {isa = PBXBuildFile; fileRef = 6E41FD5F1C594A6F00339344 /* GridPos.cpp */; };
		6E4C7C4E1C84A09200B4B7D8 /* SpawnRoom.cpp in Sources */ = {isa = PBXBuildFile; fileRef = 6E4C7C4C1C84A09200B4B7D8 /* SpawnRoom.cpp */; };
		6E5DDDC91C885C3900DD64DD /* ImageManager.cpp in Sources */ = {isa = PBXBuildFile; fileRef = 6E5DDDC71C885C3900DD64DD /* ImageManager.cpp */; };
		6E5DDDD21C88CDE100DD64DD /* Tile.cpp in Sources */ = {isa = PBXBuildFile; fileRef = 6E5DDDD01C88CDE100DD64DD /* Tile.cpp */; };
		6E5DDDD51C88CDFA00DD64DD /* FloorTile.cpp in Sources */ = {isa = PBXBuildFile; fileRef = 6E5DDDD31C88CDFA00DD64DD /* FloorTile.cpp */; };
		6E5DDDE41C8F11F600DD64DD /* Enemy.cpp in Sources */ = {isa = PBXBuildFile; fileRef = 6E5DDDE21C8F11F600DD64DD /* Enemy.cpp */; };
		6E5DDDE81C8F1C4900DD64DD /* Guy.cpp in Sources */ = {isa = PBXBuildFile; fileRef = 6E5DDDE61C8F1C4900DD64DD /* Guy.cpp */; };
		6E95FC9B1C84D1BF003F8E4B /* Door.cpp in Sources */ = {isa = PBXBuildFile; fileRef = 6E95FC991C84D1BF003F8E4B /* Door.cpp */; };
		6E9664A81C7376B9007FC13B /* GameObject.cpp in Sources */ = {isa = PBXBuildFile; fileRef = 6E9664A61C7376B9007FC13B /* GameObject.cpp */; };
		6E9664AC1C7376DF007FC13B /* Entity.cpp in Sources */ = {isa = PBXBuildFile; fileRef = 6E9664AA1C7376DF007FC13B /* Entity.cpp */; };
		6EA7A5141C61084B00F9B303 /* Sprite.cpp in Sources */ = {isa = PBXBuildFile; fileRef = 6EA7A5121C61084B00F9B303 /* Sprite.cpp */; };
		E4328149138ABC9F0047C5CB /* openFrameworksDebug.a in Frameworks */ = {isa = PBXBuildFile; fileRef = E4328148138ABC890047C5CB /* openFrameworksDebug.a */; };
		E4B69E200A3A1BDC003C02F2 /* main.cpp in Sources */ = {isa = PBXBuildFile; fileRef = E4B69E1D0A3A1BDC003C02F2 /* main.cpp */; };
		E4B69E210A3A1BDC003C02F2 /* ofApp.cpp in Sources */ = {isa = PBXBuildFile; fileRef = E4B69E1E0A3A1BDC003C02F2 /* ofApp.cpp */; };
/* End PBXBuildFile section */

/* Begin PBXContainerItemProxy section */
		E4328147138ABC890047C5CB /* PBXContainerItemProxy */ = {
			isa = PBXContainerItemProxy;
			containerPortal = E4328143138ABC890047C5CB /* openFrameworksLib.xcodeproj */;
			proxyType = 2;
			remoteGlobalIDString = E4B27C1510CBEB8E00536013;
			remoteInfo = openFrameworks;
		};
		E4EEB9AB138B136A00A80321 /* PBXContainerItemProxy */ = {
			isa = PBXContainerItemProxy;
			containerPortal = E4328143138ABC890047C5CB /* openFrameworksLib.xcodeproj */;
			proxyType = 1;
			remoteGlobalIDString = E4B27C1410CBEB8E00536013;
			remoteInfo = openFrameworks;
		};
/* End PBXContainerItemProxy section */

/* Begin PBXCopyFilesBuildPhase section */
		E4C2427710CC5ABF004149E2 /* CopyFiles */ = {
			isa = PBXCopyFilesBuildPhase;
			buildActionMask = 2147483647;
			dstPath = "";
			dstSubfolderSpec = 10;
			files = (
			);
			runOnlyForDeploymentPostprocessing = 0;
		};
/* End PBXCopyFilesBuildPhase section */

/* Begin PBXFileReference section */
		6E04F9661C7F21A800D24389 /* Player.cpp */ = {isa = PBXFileReference; fileEncoding = 4; lastKnownFileType = sourcecode.cpp.cpp; name = Player.cpp; path = GameObject/Entity/Player/Player.cpp; sourceTree = "<group>"; };
		6E04F9671C7F21A800D24389 /* Player.h */ = {isa = PBXFileReference; fileEncoding = 4; lastKnownFileType = sourcecode.c.h; name = Player.h; path = GameObject/Entity/Player/Player.h; sourceTree = "<group>"; };
		6E18F5B81C9AF6F400E7763F /* Pop.cpp */ = {isa = PBXFileReference; fileEncoding = 4; lastKnownFileType = sourcecode.cpp.cpp; name = Pop.cpp; path = GameObject/Entity/Enemy/Pop/Pop.cpp; sourceTree = "<group>"; };
		6E18F5B91C9AF6F400E7763F /* Pop.hpp */ = {isa = PBXFileReference; fileEncoding = 4; lastKnownFileType = sourcecode.cpp.h; name = Pop.hpp; path = GameObject/Entity/Enemy/Pop/Pop.hpp; sourceTree = "<group>"; };
		6E18F5BC1C9C0D4A00E7763F /* Projectile.cpp */ = {isa = PBXFileReference; fileEncoding = 4; lastKnownFileType = sourcecode.cpp.cpp; name = Projectile.cpp; path = GameObject/Entity/Projectile/Projectile.cpp; sourceTree = "<group>"; };
		6E18F5BD1C9C0D4A00E7763F /* Projectile.hpp */ = {isa = PBXFileReference; fileEncoding = 4; lastKnownFileType = sourcecode.cpp.h; name = Projectile.hpp; path = GameObject/Entity/Projectile/Projectile.hpp; sourceTree = "<group>"; };
		6E18F5C21C9C6D4800E7763F /* Pickup.cpp */ = {isa = PBXFileReference; fileEncoding = 4; lastKnownFileType = sourcecode.cpp.cpp; name = Pickup.cpp; path = GameObject/Entity/Pickup/Pickup.cpp; sourceTree = "<group>"; };
		6E18F5C31C9C6D4800E7763F /* Pickup.hpp */ = {isa = PBXFileReference; fileEncoding = 4; lastKnownFileType = sourcecode.cpp.h; name = Pickup.hpp; path = GameObject/Entity/Pickup/Pickup.hpp; sourceTree = "<group>"; };
		6E18F5C71C9D864A00E7763F /* Health_PU.cpp */ = {isa = PBXFileReference; fileEncoding = 4; lastKnownFileType = sourcecode.cpp.cpp; name = Health_PU.cpp; path = GameObject/Entity/Pickup/Health/Health_PU.cpp; sourceTree = "<group>"; };
		6E18F5C81C9D864A00E7763F /* Health_PU.hpp */ = {isa = PBXFileReference; fileEncoding = 4; lastKnownFileType = sourcecode.cpp.h; name = Health_PU.hpp; path = GameObject/Entity/Pickup/Health/Health_PU.hpp; sourceTree = "<group>"; };
		6E18F5CA1C9D866600E7763F /* Damage_PU.cpp */ = {isa = PBXFileReference; fileEncoding = 4; lastKnownFileType = sourcecode.cpp.cpp; name = Damage_PU.cpp; path = GameObject/Entity/Pickup/Damage/Damage_PU.cpp; sourceTree = "<group>"; };
		6E18F5CB1C9D866600E7763F /* Damage_PU.hpp */ = {isa = PBXFileReference; fileEncoding = 4; lastKnownFileType = sourcecode.cpp.h; name = Damage_PU.hpp; path = GameObject/Entity/Pickup/Damage/Damage_PU.hpp; sourceTree = "<group>"; };
		6E18F5CD1C9D867B00E7763F /* Speed_PU.cpp */ = {isa = PBXFileReference; fileEncoding = 4; lastKnownFileType = sourcecode.cpp.cpp; name = Speed_PU.cpp; path = GameObject/Entity/Pickup/Speed/Speed_PU.cpp; sourceTree = "<group>"; };
		6E18F5CE1C9D867B00E7763F /* Speed_PU.hpp */ = {isa = PBXFileReference; fileEncoding = 4; lastKnownFileType = sourcecode.cpp.h; name = Speed_PU.hpp; path = GameObject/Entity/Pickup/Speed/Speed_PU.hpp; sourceTree = "<group>"; };
		6E18F5D01C9D868F00E7763F /* ShotSpeed_PU.cpp */ = {isa = PBXFileReference; fileEncoding = 4; lastKnownFileType = sourcecode.cpp.cpp; name = ShotSpeed_PU.cpp; path = GameObject/Entity/Pickup/ShotSpeed/ShotSpeed_PU.cpp; sourceTree = "<group>"; };
		6E18F5D11C9D868F00E7763F /* ShotSpeed_PU.hpp */ = {isa = PBXFileReference; fileEncoding = 4; lastKnownFileType = sourcecode.cpp.h; name = ShotSpeed_PU.hpp; path = GameObject/Entity/Pickup/ShotSpeed/ShotSpeed_PU.hpp; sourceTree = "<group>"; };
		6E18F5D41C9DA50500E7763F /* FireRate_PU.cpp */ = {isa = PBXFileReference; fileEncoding = 4; lastKnownFileType = sourcecode.cpp.cpp; name = FireRate_PU.cpp; path = GameObject/Entity/Pickup/FireRate/FireRate_PU.cpp; sourceTree = "<group>"; };
		6E18F5D51C9DA50500E7763F /* FireRate_PU.hpp */ = {isa = PBXFileReference; fileEncoding = 4; lastKnownFileType = sourcecode.cpp.h; name = FireRate_PU.hpp; path = GameObject/Entity/Pickup/FireRate/FireRate_PU.hpp; sourceTree = "<group>"; };
		6E18F5D81C9DF9FF00E7763F /* TrapDoor.cpp */ = {isa = PBXFileReference; fileEncoding = 4; lastKnownFileType = sourcecode.cpp.cpp; name = TrapDoor.cpp; path = GameObject/Tile/Trapdoor/TrapDoor.cpp; sourceTree = "<group>"; };
		6E18F5D91C9DF9FF00E7763F /* TrapDoor.hpp */ = {isa = PBXFileReference; fileEncoding = 4; lastKnownFileType = sourcecode.cpp.h; name = TrapDoor.hpp; path = GameObject/Tile/Trapdoor/TrapDoor.hpp; sourceTree = "<group>"; };
		6E18F5DC1C9DFC1F00E7763F /* BossFloor.cpp */ = {isa = PBXFileReference; fileEncoding = 4; lastKnownFileType = sourcecode.cpp.cpp; name = BossFloor.cpp; path = GameObject/Tile/BossFloor/BossFloor.cpp; sourceTree = "<group>"; };
		6E18F5DD1C9DFC1F00E7763F /* BossFloor.hpp */ = {isa = PBXFileReference; fileEncoding = 4; lastKnownFileType = sourcecode.cpp.h; name = BossFloor.hpp; path = GameObject/Tile/BossFloor/BossFloor.hpp; sourceTree = "<group>"; };
		6E18F5E01C9E000B00E7763F /* SpawnFloor.cpp */ = {isa = PBXFileReference; fileEncoding = 4; lastKnownFileType = sourcecode.cpp.cpp; name = SpawnFloor.cpp; path = GameObject/Tile/SpawnFloor/SpawnFloor.cpp; sourceTree = "<group>"; };
		6E18F5E11C9E000B00E7763F /* SpawnFloor.hpp */ = {isa = PBXFileReference; fileEncoding = 4; lastKnownFileType = sourcecode.cpp.h; name = SpawnFloor.hpp; path = GameObject/Tile/SpawnFloor/SpawnFloor.hpp; sourceTree = "<group>"; };
		6E2CA2611C6CAFC1009474C8 /* NormalRoom.cpp */ = {isa = PBXFileReference; fileEncoding = 4; lastKnownFileType = sourcecode.cpp.cpp; name = NormalRoom.cpp; path = Room/NormalRoom/NormalRoom.cpp; sourceTree = "<group>"; };
		6E2CA2621C6CAFC1009474C8 /* NormalRoom.h */ = {isa = PBXFileReference; fileEncoding = 4; lastKnownFileType = sourcecode.c.h; name = NormalRoom.h; path = Room/NormalRoom/NormalRoom.h; sourceTree = "<group>"; };
		6E2CA2641C6CAFD5009474C8 /* BossRoom.cpp */ = {isa = PBXFileReference; fileEncoding = 4; lastKnownFileType = sourcecode.cpp.cpp; name = BossRoom.cpp; path = Room/BossRoom/BossRoom.cpp; sourceTree = "<group>"; };
		6E2CA2651C6CAFD5009474C8 /* BossRoom.h */ = {isa = PBXFileReference; fileEncoding = 4; lastKnownFileType = sourcecode.c.h; name = BossRoom.h; path = Room/BossRoom/BossRoom.h; sourceTree = "<group>"; };
		6E2CA2671C6CAFE7009474C8 /* ItemRoom.cpp */ = {isa = PBXFileReference; fileEncoding = 4; lastKnownFileType = sourcecode.cpp.cpp; name = ItemRoom.cpp; path = Room/ItemRoom/ItemRoom.cpp; sourceTree = "<group>"; };
		6E2CA2681C6CAFE7009474C8 /* ItemRoom.h */ = {isa = PBXFileReference; fileEncoding = 4; lastKnownFileType = sourcecode.c.h; name = ItemRoom.h; path = Room/ItemRoom/ItemRoom.h; sourceTree = "<group>"; };
		6E2CA26A1C6CAFFB009474C8 /* ShopRoom.cpp */ = {isa = PBXFileReference; fileEncoding = 4; lastKnownFileType = sourcecode.cpp.cpp; name = ShopRoom.cpp; path = Room/ShopRoom/ShopRoom.cpp; sourceTree = "<group>"; };
		6E2CA26B1C6CAFFB009474C8 /* ShopRoom.h */ = {isa = PBXFileReference; fileEncoding = 4; lastKnownFileType = sourcecode.c.h; name = ShopRoom.h; path = Room/ShopRoom/ShopRoom.h; sourceTree = "<group>"; };
		6E3484621C66665900EDB649 /* Floor.cpp */ = {isa = PBXFileReference; fileEncoding = 4; lastKnownFileType = sourcecode.cpp.cpp; name = Floor.cpp; path = Floor/Floor.cpp; sourceTree = "<group>"; };
		6E3484631C66665900EDB649 /* Floor.h */ = {isa = PBXFileReference; fileEncoding = 4; lastKnownFileType = sourcecode.c.h; name = Floor.h; path = Floor/Floor.h; sourceTree = "<group>"; };
		6E3484651C66666900EDB649 /* Room.cpp */ = {isa = PBXFileReference; fileEncoding = 4; lastKnownFileType = sourcecode.cpp.cpp; name = Room.cpp; path = Room/Room.cpp; sourceTree = "<group>"; };
		6E3484661C66666900EDB649 /* Room.h */ = {isa = PBXFileReference; fileEncoding = 4; lastKnownFileType = sourcecode.c.h; name = Room.h; path = Room/Room.h; sourceTree = "<group>"; };
		6E41FD5C1C594A6500339344 /* Floormaker.cpp */ = {isa = PBXFileReference; fileEncoding = 4; lastKnownFileType = sourcecode.cpp.cpp; path = Floormaker.cpp; sourceTree = "<group>"; };
		6E41FD5D1C594A6500339344 /* Floormaker.h */ = {isa = PBXFileReference; fileEncoding = 4; lastKnownFileType = sourcecode.c.h; path = Floormaker.h; sourceTree = "<group>"; };
		6E41FD5F1C594A6F00339344 /* GridPos.cpp */ = {isa = PBXFileReference; fileEncoding = 4; lastKnownFileType = sourcecode.cpp.cpp; path = GridPos.cpp; sourceTree = "<group>"; };
		6E41FD601C594A6F00339344 /* GridPos.h */ = {isa = PBXFileReference; fileEncoding = 4; lastKnownFileType = sourcecode.c.h; path = GridPos.h; sourceTree = "<group>"; };
		6E4C7C4C1C84A09200B4B7D8 /* SpawnRoom.cpp */ = {isa = PBXFileReference; fileEncoding = 4; lastKnownFileType = sourcecode.cpp.cpp; name = SpawnRoom.cpp; path = Room/SpawnRoom/SpawnRoom.cpp; sourceTree = "<group>"; };
		6E4C7C4D1C84A09200B4B7D8 /* SpawnRoom.h */ = {isa = PBXFileReference; fileEncoding = 4; lastKnownFileType = sourcecode.c.h; name = SpawnRoom.h; path = Room/SpawnRoom/SpawnRoom.h; sourceTree = "<group>"; };
		6E5DDDC71C885C3900DD64DD /* ImageManager.cpp */ = {isa = PBXFileReference; fileEncoding = 4; lastKnownFileType = sourcecode.cpp.cpp; name = ImageManager.cpp; path = ImageManager/ImageManager.cpp; sourceTree = "<group>"; };
		6E5DDDC81C885C3900DD64DD /* ImageManager.hpp */ = {isa = PBXFileReference; fileEncoding = 4; lastKnownFileType = sourcecode.cpp.h; name = ImageManager.hpp; path = ImageManager/ImageManager.hpp; sourceTree = "<group>"; };
		6E5DDDD01C88CDE100DD64DD /* Tile.cpp */ = {isa = PBXFileReference; fileEncoding = 4; lastKnownFileType = sourcecode.cpp.cpp; name = Tile.cpp; path = GameObject/Tile/Tile.cpp; sourceTree = "<group>"; };
		6E5DDDD11C88CDE100DD64DD /* Tile.hpp */ = {isa = PBXFileReference; fileEncoding = 4; lastKnownFileType = sourcecode.cpp.h; name = Tile.hpp; path = GameObject/Tile/Tile.hpp; sourceTree = "<group>"; };
		6E5DDDD31C88CDFA00DD64DD /* FloorTile.cpp */ = {isa = PBXFileReference; fileEncoding = 4; lastKnownFileType = sourcecode.cpp.cpp; name = FloorTile.cpp; path = GameObject/Tile/FloorTile/FloorTile.cpp; sourceTree = "<group>"; };
		6E5DDDD41C88CDFA00DD64DD /* FloorTile.hpp */ = {isa = PBXFileReference; fileEncoding = 4; lastKnownFileType = sourcecode.cpp.h; name = FloorTile.hpp; path = GameObject/Tile/FloorTile/FloorTile.hpp; sourceTree = "<group>"; };
		6E5DDDE21C8F11F600DD64DD /* Enemy.cpp */ = {isa = PBXFileReference; fileEncoding = 4; lastKnownFileType = sourcecode.cpp.cpp; name = Enemy.cpp; path = GameObject/Entity/Enemy/Enemy.cpp; sourceTree = "<group>"; };
		6E5DDDE31C8F11F600DD64DD /* Enemy.hpp */ = {isa = PBXFileReference; fileEncoding = 4; lastKnownFileType = sourcecode.cpp.h; name = Enemy.hpp; path = GameObject/Entity/Enemy/Enemy.hpp; sourceTree = "<group>"; };
		6E5DDDE61C8F1C4900DD64DD /* Guy.cpp */ = {isa = PBXFileReference; fileEncoding = 4; lastKnownFileType = sourcecode.cpp.cpp; name = Guy.cpp; path = GameObject/Entity/Enemy/Guy/Guy.cpp; sourceTree = "<group>"; };
		6E5DDDE71C8F1C4900DD64DD /* Guy.hpp */ = {isa = PBXFileReference; fileEncoding = 4; lastKnownFileType = sourcecode.cpp.h; name = Guy.hpp; path = GameObject/Entity/Enemy/Guy/Guy.hpp; sourceTree = "<group>"; };
		6E95FC991C84D1BF003F8E4B /* Door.cpp */ = {isa = PBXFileReference; fileEncoding = 4; lastKnownFileType = sourcecode.cpp.cpp; name = Door.cpp; path = GameObject/Door/Door.cpp; sourceTree = "<group>"; };
		6E95FC9A1C84D1BF003F8E4B /* Door.hpp */ = {isa = PBXFileReference; fileEncoding = 4; lastKnownFileType = sourcecode.cpp.h; name = Door.hpp; path = GameObject/Door/Door.hpp; sourceTree = "<group>"; };
		6E9664A61C7376B9007FC13B /* GameObject.cpp */ = {isa = PBXFileReference; fileEncoding = 4; lastKnownFileType = sourcecode.cpp.cpp; name = GameObject.cpp; path = GameObject/GameObject.cpp; sourceTree = "<group>"; };
		6E9664A71C7376B9007FC13B /* GameObject.h */ = {isa = PBXFileReference; fileEncoding = 4; lastKnownFileType = sourcecode.c.h; name = GameObject.h; path = GameObject/GameObject.h; sourceTree = "<group>"; };
		6E9664AA1C7376DF007FC13B /* Entity.cpp */ = {isa = PBXFileReference; fileEncoding = 4; lastKnownFileType = sourcecode.cpp.cpp; name = Entity.cpp; path = GameObject/Entity/Entity.cpp; sourceTree = "<group>"; };
		6E9664AB1C7376DF007FC13B /* Entity.h */ = {isa = PBXFileReference; fileEncoding = 4; lastKnownFileType = sourcecode.c.h; name = Entity.h; path = GameObject/Entity/Entity.h; sourceTree = "<group>"; };
		6EA7A5121C61084B00F9B303 /* Sprite.cpp */ = {isa = PBXFileReference; fileEncoding = 4; lastKnownFileType = sourcecode.cpp.cpp; path = Sprite.cpp; sourceTree = "<group>"; };
		6EA7A5131C61084B00F9B303 /* Sprite.h */ = {isa = PBXFileReference; fileEncoding = 4; lastKnownFileType = sourcecode.c.h; path = Sprite.h; sourceTree = "<group>"; };
		E4328143138ABC890047C5CB /* openFrameworksLib.xcodeproj */ = {isa = PBXFileReference; lastKnownFileType = "wrapper.pb-project"; name = openFrameworksLib.xcodeproj; path = ../../../libs/openFrameworksCompiled/project/osx/openFrameworksLib.xcodeproj; sourceTree = SOURCE_ROOT; };
		E4B69B5B0A3A1756003C02F2 /* dungeon_crawlerDebug.app */ = {isa = PBXFileReference; explicitFileType = wrapper.application; includeInIndex = 0; path = dungeon_crawlerDebug.app; sourceTree = BUILT_PRODUCTS_DIR; };
		E4B69E1D0A3A1BDC003C02F2 /* main.cpp */ = {isa = PBXFileReference; fileEncoding = 30; lastKnownFileType = sourcecode.cpp.cpp; name = main.cpp; path = src/main.cpp; sourceTree = SOURCE_ROOT; };
		E4B69E1E0A3A1BDC003C02F2 /* ofApp.cpp */ = {isa = PBXFileReference; explicitFileType = sourcecode.cpp.cpp; fileEncoding = 30; name = ofApp.cpp; path = src/ofApp.cpp; sourceTree = SOURCE_ROOT; };
		E4B69E1F0A3A1BDC003C02F2 /* ofApp.h */ = {isa = PBXFileReference; fileEncoding = 30; lastKnownFileType = sourcecode.c.h; name = ofApp.h; path = src/ofApp.h; sourceTree = SOURCE_ROOT; };
		E4B6FCAD0C3E899E008CF71C /* openFrameworks-Info.plist */ = {isa = PBXFileReference; fileEncoding = 30; lastKnownFileType = text.plist.xml; path = "openFrameworks-Info.plist"; sourceTree = "<group>"; };
		E4EB691F138AFCF100A09F29 /* CoreOF.xcconfig */ = {isa = PBXFileReference; fileEncoding = 4; lastKnownFileType = text.xcconfig; name = CoreOF.xcconfig; path = ../../../libs/openFrameworksCompiled/project/osx/CoreOF.xcconfig; sourceTree = SOURCE_ROOT; };
		E4EB6923138AFD0F00A09F29 /* Project.xcconfig */ = {isa = PBXFileReference; fileEncoding = 4; lastKnownFileType = text.xcconfig; path = Project.xcconfig; sourceTree = "<group>"; };
/* End PBXFileReference section */

/* Begin PBXFrameworksBuildPhase section */
		E4B69B590A3A1756003C02F2 /* Frameworks */ = {
			isa = PBXFrameworksBuildPhase;
			buildActionMask = 2147483647;
			files = (
				E4328149138ABC9F0047C5CB /* openFrameworksDebug.a in Frameworks */,
			);
			runOnlyForDeploymentPostprocessing = 0;
		};
/* End PBXFrameworksBuildPhase section */

/* Begin PBXGroup section */
		6948EE371B920CB800B5AC1A /* local_addons */ = {
			isa = PBXGroup;
			children = (
			);
			name = local_addons;
			sourceTree = "<group>";
		};
		6E04F9651C7F219A00D24389 /* Player */ = {
			isa = PBXGroup;
			children = (
				6E04F9661C7F21A800D24389 /* Player.cpp */,
				6E04F9671C7F21A800D24389 /* Player.h */,
			);
			name = Player;
			sourceTree = "<group>";
		};
		6E18F5B01C9AEB8A00E7763F /* Pickup */ = {
			isa = PBXGroup;
			children = (
				6E18F5D31C9DA4E600E7763F /* FireRate */,
				6E18F5B41C9AEBAD00E7763F /* ShotSpeed */,
				6E18F5B31C9AEBA900E7763F /* Speed */,
				6E18F5B21C9AEB9F00E7763F /* Damage */,
				6E18F5B11C9AEB9200E7763F /* Health */,
				6E18F5C21C9C6D4800E7763F /* Pickup.cpp */,
				6E18F5C31C9C6D4800E7763F /* Pickup.hpp */,
			);
			name = Pickup;
			sourceTree = "<group>";
		};
		6E18F5B11C9AEB9200E7763F /* Health */ = {
			isa = PBXGroup;
			children = (
				6E18F5C71C9D864A00E7763F /* Health_PU.cpp */,
				6E18F5C81C9D864A00E7763F /* Health_PU.hpp */,
			);
			name = Health;
			sourceTree = "<group>";
		};
		6E18F5B21C9AEB9F00E7763F /* Damage */ = {
			isa = PBXGroup;
			children = (
				6E18F5CA1C9D866600E7763F /* Damage_PU.cpp */,
				6E18F5CB1C9D866600E7763F /* Damage_PU.hpp */,
			);
			name = Damage;
			sourceTree = "<group>";
		};
		6E18F5B31C9AEBA900E7763F /* Speed */ = {
			isa = PBXGroup;
			children = (
				6E18F5CD1C9D867B00E7763F /* Speed_PU.cpp */,
				6E18F5CE1C9D867B00E7763F /* Speed_PU.hpp */,
			);
			name = Speed;
			sourceTree = "<group>";
		};
		6E18F5B41C9AEBAD00E7763F /* ShotSpeed */ = {
			isa = PBXGroup;
			children = (
				6E18F5D01C9D868F00E7763F /* ShotSpeed_PU.cpp */,
				6E18F5D11C9D868F00E7763F /* ShotSpeed_PU.hpp */,
			);
			name = ShotSpeed;
			sourceTree = "<group>";
		};
		6E18F5B51C9AEBC900E7763F /* Projectile */ = {
			isa = PBXGroup;
			children = (
				6E18F5BC1C9C0D4A00E7763F /* Projectile.cpp */,
				6E18F5BD1C9C0D4A00E7763F /* Projectile.hpp */,
			);
			name = Projectile;
			sourceTree = "<group>";
		};
		6E18F5B71C9AF6B900E7763F /* Pop */ = {
			isa = PBXGroup;
			children = (
				6E18F5B81C9AF6F400E7763F /* Pop.cpp */,
				6E18F5B91C9AF6F400E7763F /* Pop.hpp */,
			);
			name = Pop;
			sourceTree = "<group>";
		};
		6E18F5D31C9DA4E600E7763F /* FireRate */ = {
			isa = PBXGroup;
			children = (
				6E18F5D41C9DA50500E7763F /* FireRate_PU.cpp */,
				6E18F5D51C9DA50500E7763F /* FireRate_PU.hpp */,
			);
			name = FireRate;
			sourceTree = "<group>";
		};
		6E18F5D71C9DF9DD00E7763F /* Trapdoor */ = {
			isa = PBXGroup;
			children = (
				6E18F5D81C9DF9FF00E7763F /* TrapDoor.cpp */,
				6E18F5D91C9DF9FF00E7763F /* TrapDoor.hpp */,
			);
			name = Trapdoor;
			sourceTree = "<group>";
		};
		6E18F5DB1C9DFC0900E7763F /* BossFloor */ = {
			isa = PBXGroup;
			children = (
				6E18F5DC1C9DFC1F00E7763F /* BossFloor.cpp */,
				6E18F5DD1C9DFC1F00E7763F /* BossFloor.hpp */,
			);
			name = BossFloor;
			sourceTree = "<group>";
		};
		6E18F5DF1C9DFFF100E7763F /* SpawnFloor */ = {
			isa = PBXGroup;
			children = (
				6E18F5E01C9E000B00E7763F /* SpawnFloor.cpp */,
				6E18F5E11C9E000B00E7763F /* SpawnFloor.hpp */,
			);
			name = SpawnFloor;
			sourceTree = "<group>";
		};
		6E2CA25D1C6CAF91009474C8 /* Normal */ = {
			isa = PBXGroup;
			children = (
				6E2CA2611C6CAFC1009474C8 /* NormalRoom.cpp */,
				6E2CA2621C6CAFC1009474C8 /* NormalRoom.h */,
			);
			name = Normal;
			sourceTree = "<group>";
		};
		6E2CA25E1C6CAF9D009474C8 /* Boss */ = {
			isa = PBXGroup;
			children = (
				6E2CA2641C6CAFD5009474C8 /* BossRoom.cpp */,
				6E2CA2651C6CAFD5009474C8 /* BossRoom.h */,
			);
			name = Boss;
			sourceTree = "<group>";
		};
		6E2CA25F1C6CAFA3009474C8 /* Item */ = {
			isa = PBXGroup;
			children = (
				6E2CA2671C6CAFE7009474C8 /* ItemRoom.cpp */,
				6E2CA2681C6CAFE7009474C8 /* ItemRoom.h */,
			);
			name = Item;
			sourceTree = "<group>";
		};
		6E2CA2601C6CAFA7009474C8 /* Shop */ = {
			isa = PBXGroup;
			children = (
				6E2CA26A1C6CAFFB009474C8 /* ShopRoom.cpp */,
				6E2CA26B1C6CAFFB009474C8 /* ShopRoom.h */,
			);
			name = Shop;
			sourceTree = "<group>";
		};
		6E38EDEF1C849FED009FD942 /* Spawn */ = {
			isa = PBXGroup;
			children = (
				6E4C7C4C1C84A09200B4B7D8 /* SpawnRoom.cpp */,
				6E4C7C4D1C84A09200B4B7D8 /* SpawnRoom.h */,
			);
			name = Spawn;
			sourceTree = "<group>";
		};
		6E4C7C511C84C31A00B4B7D8 /* Door */ = {
			isa = PBXGroup;
			children = (
				6E95FC991C84D1BF003F8E4B /* Door.cpp */,
				6E95FC9A1C84D1BF003F8E4B /* Door.hpp */,
			);
			name = Door;
			sourceTree = "<group>";
		};
		6E5DDDC61C885C2900DD64DD /* ImageManager */ = {
			isa = PBXGroup;
			children = (
				6E5DDDC71C885C3900DD64DD /* ImageManager.cpp */,
				6E5DDDC81C885C3900DD64DD /* ImageManager.hpp */,
			);
			name = ImageManager;
			sourceTree = "<group>";
		};
		6E5DDDCE1C88907500DD64DD /* Tile */ = {
			isa = PBXGroup;
			children = (
				6E18F5DF1C9DFFF100E7763F /* SpawnFloor */,
				6E18F5DB1C9DFC0900E7763F /* BossFloor */,
				6E18F5D71C9DF9DD00E7763F /* Trapdoor */,
				6E5DDDCF1C88907A00DD64DD /* FloorTile */,
				6E5DDDD01C88CDE100DD64DD /* Tile.cpp */,
				6E5DDDD11C88CDE100DD64DD /* Tile.hpp */,
			);
			name = Tile;
			sourceTree = "<group>";
		};
		6E5DDDCF1C88907A00DD64DD /* FloorTile */ = {
			isa = PBXGroup;
			children = (
				6E5DDDD31C88CDFA00DD64DD /* FloorTile.cpp */,
				6E5DDDD41C88CDFA00DD64DD /* FloorTile.hpp */,
			);
			name = FloorTile;
			sourceTree = "<group>";
		};
		6E5DDDE11C8F11DB00DD64DD /* Enemy */ = {
			isa = PBXGroup;
			children = (
				6E18F5B71C9AF6B900E7763F /* Pop */,
				6E5DDDE51C8F178E00DD64DD /* Guy */,
				6E5DDDE21C8F11F600DD64DD /* Enemy.cpp */,
				6E5DDDE31C8F11F600DD64DD /* Enemy.hpp */,
			);
			name = Enemy;
			sourceTree = "<group>";
		};
		6E5DDDE51C8F178E00DD64DD /* Guy */ = {
			isa = PBXGroup;
			children = (
				6E5DDDE61C8F1C4900DD64DD /* Guy.cpp */,
				6E5DDDE71C8F1C4900DD64DD /* Guy.hpp */,
			);
			name = Guy;
			sourceTree = "<group>";
		};
		6E9664A51C7376A2007FC13B /* GameObject */ = {
			isa = PBXGroup;
			children = (
				6E9664A61C7376B9007FC13B /* GameObject.cpp */,
				6E9664A71C7376B9007FC13B /* GameObject.h */,
				6E5DDDCE1C88907500DD64DD /* Tile */,
				6E4C7C511C84C31A00B4B7D8 /* Door */,
				6E9664A91C7376D0007FC13B /* Entity */,
			);
			name = GameObject;
			sourceTree = "<group>";
		};
		6E9664A91C7376D0007FC13B /* Entity */ = {
			isa = PBXGroup;
			children = (
				6E18F5B51C9AEBC900E7763F /* Projectile */,
				6E18F5B01C9AEB8A00E7763F /* Pickup */,
				6E04F9651C7F219A00D24389 /* Player */,
				6E5DDDE11C8F11DB00DD64DD /* Enemy */,
				6E9664AA1C7376DF007FC13B /* Entity.cpp */,
				6E9664AB1C7376DF007FC13B /* Entity.h */,
			);
			name = Entity;
			sourceTree = "<group>";
		};
		6EA7A4AF1C61059C00F9B303 /* Floormaker */ = {
			isa = PBXGroup;
			children = (
				6E41FD5F1C594A6F00339344 /* GridPos.cpp */,
				6E41FD601C594A6F00339344 /* GridPos.h */,
				6E41FD5C1C594A6500339344 /* Floormaker.cpp */,
				6E41FD5D1C594A6500339344 /* Floormaker.h */,
			);
			name = Floormaker;
			sourceTree = "<group>";
		};
		6EA7A4B01C6105AC00F9B303 /* Rooms */ = {
			isa = PBXGroup;
			children = (
				6E38EDEF1C849FED009FD942 /* Spawn */,
				6E2CA25E1C6CAF9D009474C8 /* Boss */,
				6E2CA25F1C6CAFA3009474C8 /* Item */,
				6E2CA2601C6CAFA7009474C8 /* Shop */,
				6E2CA25D1C6CAF91009474C8 /* Normal */,
				6E3484651C66666900EDB649 /* Room.cpp */,
				6E3484661C66666900EDB649 /* Room.h */,
			);
			name = Rooms;
			sourceTree = "<group>";
		};
		6EA7A4B11C6105B600F9B303 /* Floor */ = {
			isa = PBXGroup;
			children = (
				6E3484621C66665900EDB649 /* Floor.cpp */,
				6E3484631C66665900EDB649 /* Floor.h */,
			);
			name = Floor;
			sourceTree = "<group>";
		};
		6EA7A5111C61084B00F9B303 /* Sprite */ = {
			isa = PBXGroup;
			children = (
				6EA7A5121C61084B00F9B303 /* Sprite.cpp */,
				6EA7A5131C61084B00F9B303 /* Sprite.h */,
			);
			path = Sprite;
			sourceTree = "<group>";
		};
		BB4B014C10F69532006C3DED /* addons */ = {
			isa = PBXGroup;
			children = (
			);
			name = addons;
			sourceTree = "<group>";
		};
		E4328144138ABC890047C5CB /* Products */ = {
			isa = PBXGroup;
			children = (
				E4328148138ABC890047C5CB /* openFrameworksDebug.a */,
			);
			name = Products;
			sourceTree = "<group>";
		};
		E4B69B4A0A3A1720003C02F2 = {
			isa = PBXGroup;
			children = (
				E4B6FCAD0C3E899E008CF71C /* openFrameworks-Info.plist */,
				E4EB6923138AFD0F00A09F29 /* Project.xcconfig */,
				E4B69E1C0A3A1BDC003C02F2 /* src */,
				E4EEC9E9138DF44700A80321 /* openFrameworks */,
				BB4B014C10F69532006C3DED /* addons */,
				6948EE371B920CB800B5AC1A /* local_addons */,
				E4B69B5B0A3A1756003C02F2 /* dungeon_crawlerDebug.app */,
			);
			sourceTree = "<group>";
		};
		E4B69E1C0A3A1BDC003C02F2 /* src */ = {
			isa = PBXGroup;
			children = (
				6EA7A4AF1C61059C00F9B303 /* Floormaker */,
				6E5DDDC61C885C2900DD64DD /* ImageManager */,
				6E9664A51C7376A2007FC13B /* GameObject */,
				6EA7A5111C61084B00F9B303 /* Sprite */,
				6EA7A4B11C6105B600F9B303 /* Floor */,
				6EA7A4B01C6105AC00F9B303 /* Rooms */,
				E4B69E1D0A3A1BDC003C02F2 /* main.cpp */,
				E4B69E1E0A3A1BDC003C02F2 /* ofApp.cpp */,
				E4B69E1F0A3A1BDC003C02F2 /* ofApp.h */,
			);
			path = src;
			sourceTree = SOURCE_ROOT;
		};
		E4EEC9E9138DF44700A80321 /* openFrameworks */ = {
			isa = PBXGroup;
			children = (
				E4EB691F138AFCF100A09F29 /* CoreOF.xcconfig */,
				E4328143138ABC890047C5CB /* openFrameworksLib.xcodeproj */,
			);
			name = openFrameworks;
			sourceTree = "<group>";
		};
/* End PBXGroup section */

/* Begin PBXNativeTarget section */
		E4B69B5A0A3A1756003C02F2 /* dungeon_crawler */ = {
			isa = PBXNativeTarget;
			buildConfigurationList = E4B69B5F0A3A1757003C02F2 /* Build configuration list for PBXNativeTarget "dungeon_crawler" */;
			buildPhases = (
				E4B69B580A3A1756003C02F2 /* Sources */,
				E4B69B590A3A1756003C02F2 /* Frameworks */,
				E4B6FFFD0C3F9AB9008CF71C /* ShellScript */,
				E4C2427710CC5ABF004149E2 /* CopyFiles */,
			);
			buildRules = (
			);
			dependencies = (
				E4EEB9AC138B136A00A80321 /* PBXTargetDependency */,
			);
			name = dungeon_crawler;
			productName = myOFApp;
			productReference = E4B69B5B0A3A1756003C02F2 /* dungeon_crawlerDebug.app */;
			productType = "com.apple.product-type.application";
		};
/* End PBXNativeTarget section */

/* Begin PBXProject section */
		E4B69B4C0A3A1720003C02F2 /* Project object */ = {
			isa = PBXProject;
			attributes = {
				LastUpgradeCheck = 0720;
			};
			buildConfigurationList = E4B69B4D0A3A1720003C02F2 /* Build configuration list for PBXProject "dungeon_crawler" */;
			compatibilityVersion = "Xcode 3.2";
			developmentRegion = English;
			hasScannedForEncodings = 0;
			knownRegions = (
				English,
				Japanese,
				French,
				German,
			);
			mainGroup = E4B69B4A0A3A1720003C02F2;
			productRefGroup = E4B69B4A0A3A1720003C02F2;
			projectDirPath = "";
			projectReferences = (
				{
					ProductGroup = E4328144138ABC890047C5CB /* Products */;
					ProjectRef = E4328143138ABC890047C5CB /* openFrameworksLib.xcodeproj */;
				},
			);
			projectRoot = "";
			targets = (
				E4B69B5A0A3A1756003C02F2 /* dungeon_crawler */,
			);
		};
/* End PBXProject section */

/* Begin PBXReferenceProxy section */
		E4328148138ABC890047C5CB /* openFrameworksDebug.a */ = {
			isa = PBXReferenceProxy;
			fileType = archive.ar;
			path = openFrameworksDebug.a;
			remoteRef = E4328147138ABC890047C5CB /* PBXContainerItemProxy */;
			sourceTree = BUILT_PRODUCTS_DIR;
		};
/* End PBXReferenceProxy section */

/* Begin PBXShellScriptBuildPhase section */
		E4B6FFFD0C3F9AB9008CF71C /* ShellScript */ = {
			isa = PBXShellScriptBuildPhase;
			buildActionMask = 2147483647;
			files = (
			);
			inputPaths = (
			);
			outputPaths = (
			);
			runOnlyForDeploymentPostprocessing = 0;
			shellPath = /bin/sh;
			shellScript = "rsync -aved ../../../libs/fmodex/lib/osx/libfmodex.dylib \"$TARGET_BUILD_DIR/$PRODUCT_NAME.app/Contents/MacOS/\"; install_name_tool -change ./libfmodex.dylib @executable_path/libfmodex.dylib \"$TARGET_BUILD_DIR/$PRODUCT_NAME.app/Contents/MacOS/$PRODUCT_NAME\";\nmkdir -p \"$TARGET_BUILD_DIR/$PRODUCT_NAME.app/Contents/Resources/\"\nrsync -aved \"$ICON_FILE\" \"$TARGET_BUILD_DIR/$PRODUCT_NAME.app/Contents/Resources/\"\nrsync -aved ../../../libs/glut/lib/osx/GLUT.framework \"$TARGET_BUILD_DIR/$PRODUCT_NAME.app/Contents/Frameworks/\"\n";
		};
/* End PBXShellScriptBuildPhase section */

/* Begin PBXSourcesBuildPhase section */
		E4B69B580A3A1756003C02F2 /* Sources */ = {
			isa = PBXSourcesBuildPhase;
			buildActionMask = 2147483647;
			files = (
				6E18F5D21C9D868F00E7763F /* ShotSpeed_PU.cpp in Sources */,
				6E2CA26C1C6CAFFB009474C8 /* ShopRoom.cpp in Sources */,
				6E18F5CF1C9D867B00E7763F /* Speed_PU.cpp in Sources */,
				6E18F5C91C9D864A00E7763F /* Health_PU.cpp in Sources */,
				6E18F5DA1C9DF9FF00E7763F /* TrapDoor.cpp in Sources */,
				6E41FD611C594A6F00339344 /* GridPos.cpp in Sources */,
				6E18F5BE1C9C0D4A00E7763F /* Projectile.cpp in Sources */,
				6E9664AC1C7376DF007FC13B /* Entity.cpp in Sources */,
				6E9664A81C7376B9007FC13B /* GameObject.cpp in Sources */,
				6E2CA2661C6CAFD5009474C8 /* BossRoom.cpp in Sources */,
				6E18F5E21C9E000B00E7763F /* SpawnFloor.cpp in Sources */,
				E4B69E200A3A1BDC003C02F2 /* main.cpp in Sources */,
				6E5DDDD51C88CDFA00DD64DD /* FloorTile.cpp in Sources */,
				6E4C7C4E1C84A09200B4B7D8 /* SpawnRoom.cpp in Sources */,
				6E41FD5E1C594A6500339344 /* Floormaker.cpp in Sources */,
				6E2CA2691C6CAFE7009474C8 /* ItemRoom.cpp in Sources */,
				6E5DDDD21C88CDE100DD64DD /* Tile.cpp in Sources */,
				6E2CA2631C6CAFC1009474C8 /* NormalRoom.cpp in Sources */,
				6E5DDDE41C8F11F600DD64DD /* Enemy.cpp in Sources */,
				6E3484671C66666900EDB649 /* Room.cpp in Sources */,
				6E18F5C41C9C6D4800E7763F /* Pickup.cpp in Sources */,
				E4B69E210A3A1BDC003C02F2 /* ofApp.cpp in Sources */,
				6E18F5BA1C9AF6F400E7763F /* Pop.cpp in Sources */,
				6E3484641C66665900EDB649 /* Floor.cpp in Sources */,
				6E95FC9B1C84D1BF003F8E4B /* Door.cpp in Sources */,
				6E5DDDC91C885C3900DD64DD /* ImageManager.cpp in Sources */,
				6E5DDDE81C8F1C4900DD64DD /* Guy.cpp in Sources */,
				6E18F5DE1C9DFC1F00E7763F /* BossFloor.cpp in Sources */,
				6E18F5D61C9DA50500E7763F /* FireRate_PU.cpp in Sources */,
				6E18F5CC1C9D866600E7763F /* Damage_PU.cpp in Sources */,
				6EA7A5141C61084B00F9B303 /* Sprite.cpp in Sources */,
				6E04F9681C7F21A800D24389 /* Player.cpp in Sources */,
			);
			runOnlyForDeploymentPostprocessing = 0;
		};
/* End PBXSourcesBuildPhase section */

/* Begin PBXTargetDependency section */
		E4EEB9AC138B136A00A80321 /* PBXTargetDependency */ = {
			isa = PBXTargetDependency;
			name = openFrameworks;
			targetProxy = E4EEB9AB138B136A00A80321 /* PBXContainerItemProxy */;
		};
/* End PBXTargetDependency section */

/* Begin XCBuildConfiguration section */
		E4B69B4E0A3A1720003C02F2 /* Debug */ = {
			isa = XCBuildConfiguration;
			baseConfigurationReference = E4EB6923138AFD0F00A09F29 /* Project.xcconfig */;
			buildSettings = {
				CONFIGURATION_BUILD_DIR = "$(SRCROOT)/bin/";
				COPY_PHASE_STRIP = NO;
				DEAD_CODE_STRIPPING = YES;
				ENABLE_TESTABILITY = YES;
				GCC_AUTO_VECTORIZATION = YES;
				GCC_ENABLE_SSE3_EXTENSIONS = YES;
				GCC_ENABLE_SUPPLEMENTAL_SSE3_INSTRUCTIONS = YES;
				GCC_INLINES_ARE_PRIVATE_EXTERN = NO;
				GCC_OPTIMIZATION_LEVEL = 0;
				GCC_SYMBOLS_PRIVATE_EXTERN = NO;
				GCC_WARN_ABOUT_DEPRECATED_FUNCTIONS = YES;
				GCC_WARN_ABOUT_INVALID_OFFSETOF_MACRO = NO;
				GCC_WARN_ALLOW_INCOMPLETE_PROTOCOL = NO;
				GCC_WARN_UNINITIALIZED_AUTOS = NO;
				GCC_WARN_UNUSED_VALUE = NO;
				GCC_WARN_UNUSED_VARIABLE = NO;
				MACOSX_DEPLOYMENT_TARGET = 10.8;
				ONLY_ACTIVE_ARCH = YES;
				OTHER_CPLUSPLUSFLAGS = (
					"-D__MACOSX_CORE__",
					"-mtune=native",
				);
				SDKROOT = macosx;
			};
			name = Debug;
		};
		E4B69B4F0A3A1720003C02F2 /* Release */ = {
			isa = XCBuildConfiguration;
			baseConfigurationReference = E4EB6923138AFD0F00A09F29 /* Project.xcconfig */;
			buildSettings = {
				CONFIGURATION_BUILD_DIR = "$(SRCROOT)/bin/";
				COPY_PHASE_STRIP = YES;
				DEAD_CODE_STRIPPING = YES;
				GCC_AUTO_VECTORIZATION = YES;
				GCC_ENABLE_SSE3_EXTENSIONS = YES;
				GCC_ENABLE_SUPPLEMENTAL_SSE3_INSTRUCTIONS = YES;
				GCC_INLINES_ARE_PRIVATE_EXTERN = NO;
				GCC_OPTIMIZATION_LEVEL = 3;
				GCC_SYMBOLS_PRIVATE_EXTERN = NO;
				GCC_UNROLL_LOOPS = YES;
				GCC_WARN_ABOUT_DEPRECATED_FUNCTIONS = YES;
				GCC_WARN_ABOUT_INVALID_OFFSETOF_MACRO = NO;
				GCC_WARN_ALLOW_INCOMPLETE_PROTOCOL = NO;
				GCC_WARN_UNINITIALIZED_AUTOS = NO;
				GCC_WARN_UNUSED_VALUE = NO;
				GCC_WARN_UNUSED_VARIABLE = NO;
				MACOSX_DEPLOYMENT_TARGET = 10.8;
				OTHER_CPLUSPLUSFLAGS = (
					"-D__MACOSX_CORE__",
					"-mtune=native",
				);
				SDKROOT = macosx;
			};
			name = Release;
		};
		E4B69B600A3A1757003C02F2 /* Debug */ = {
			isa = XCBuildConfiguration;
			baseConfigurationReference = E4EB6923138AFD0F00A09F29 /* Project.xcconfig */;
			buildSettings = {
				COMBINE_HIDPI_IMAGES = YES;
				COPY_PHASE_STRIP = NO;
				FRAMEWORK_SEARCH_PATHS = (
					"$(inherited)",
					"$(FRAMEWORK_SEARCH_PATHS_QUOTED_FOR_TARGET_1)",
				);
				FRAMEWORK_SEARCH_PATHS_QUOTED_FOR_TARGET_1 = "\"$(SRCROOT)/../../../libs/glut/lib/osx\"";
				GCC_DYNAMIC_NO_PIC = NO;
				GCC_GENERATE_DEBUGGING_SYMBOLS = YES;
				GCC_MODEL_TUNING = NONE;
				ICON = "$(ICON_NAME_DEBUG)";
				ICON_FILE = "$(ICON_FILE_PATH)$(ICON)";
				INFOPLIST_FILE = "openFrameworks-Info.plist";
				INSTALL_PATH = "$(HOME)/Applications";
				LIBRARY_SEARCH_PATHS = "$(inherited)";
				PRODUCT_BUNDLE_IDENTIFIER = cc.openFrameworks.ofapp;
				PRODUCT_NAME = "$(TARGET_NAME)Debug";
				WRAPPER_EXTENSION = app;
			};
			name = Debug;
		};
		E4B69B610A3A1757003C02F2 /* Release */ = {
			isa = XCBuildConfiguration;
			baseConfigurationReference = E4EB6923138AFD0F00A09F29 /* Project.xcconfig */;
			buildSettings = {
				COMBINE_HIDPI_IMAGES = YES;
				COPY_PHASE_STRIP = YES;
				FRAMEWORK_SEARCH_PATHS = (
					"$(inherited)",
					"$(FRAMEWORK_SEARCH_PATHS_QUOTED_FOR_TARGET_1)",
				);
				FRAMEWORK_SEARCH_PATHS_QUOTED_FOR_TARGET_1 = "\"$(SRCROOT)/../../../libs/glut/lib/osx\"";
				GCC_GENERATE_DEBUGGING_SYMBOLS = YES;
				GCC_MODEL_TUNING = NONE;
				ICON = "$(ICON_NAME_RELEASE)";
				ICON_FILE = "$(ICON_FILE_PATH)$(ICON)";
				INFOPLIST_FILE = "openFrameworks-Info.plist";
				INSTALL_PATH = "$(HOME)/Applications";
				LIBRARY_SEARCH_PATHS = "$(inherited)";
				PRODUCT_BUNDLE_IDENTIFIER = cc.openFrameworks.ofapp;
				PRODUCT_NAME = "$(TARGET_NAME)";
				WRAPPER_EXTENSION = app;
				baseConfigurationReference = E4EB6923138AFD0F00A09F29;
			};
			name = Release;
		};
/* End XCBuildConfiguration section */

/* Begin XCConfigurationList section */
		E4B69B4D0A3A1720003C02F2 /* Build configuration list for PBXProject "dungeon_crawler" */ = {
			isa = XCConfigurationList;
			buildConfigurations = (
				E4B69B4E0A3A1720003C02F2 /* Debug */,
				E4B69B4F0A3A1720003C02F2 /* Release */,
			);
			defaultConfigurationIsVisible = 0;
			defaultConfigurationName = Release;
		};
		E4B69B5F0A3A1757003C02F2 /* Build configuration list for PBXNativeTarget "dungeon_crawler" */ = {
			isa = XCConfigurationList;
			buildConfigurations = (
				E4B69B600A3A1757003C02F2 /* Debug */,
				E4B69B610A3A1757003C02F2 /* Release */,
			);
			defaultConfigurationIsVisible = 0;
			defaultConfigurationName = Release;
		};
/* End XCConfigurationList section */
	};
	rootObject = E4B69B4C0A3A1720003C02F2 /* Project object */;
}
