// !$*UTF8*$!
{
	archiveVersion = 1;
	classes = {
	};
	objectVersion = 46;
	objects = {

/* Begin PBXBuildFile section */
		6E04F9681C7F21A800D24389 /* Player.cpp in Sources */ = {isa = PBXBuildFile; fileRef = 6E04F9661C7F21A800D24389 /* Player.cpp */; };
		6E2CA2631C6CAFC1009474C8 /* NormalRoom.cpp in Sources */ = {isa = PBXBuildFile; fileRef = 6E2CA2611C6CAFC1009474C8 /* NormalRoom.cpp */; };
		6E2CA2661C6CAFD5009474C8 /* BossRoom.cpp in Sources */ = {isa = PBXBuildFile; fileRef = 6E2CA2641C6CAFD5009474C8 /* BossRoom.cpp */; };
		6E2CA2691C6CAFE7009474C8 /* ItemRoom.cpp in Sources */ = {isa = PBXBuildFile; fileRef = 6E2CA2671C6CAFE7009474C8 /* ItemRoom.cpp */; };
		6E2CA26C1C6CAFFB009474C8 /* ShopRoom.cpp in Sources */ = {isa = PBXBuildFile; fileRef = 6E2CA26A1C6CAFFB009474C8 /* ShopRoom.cpp */; };
		6E3484641C66665900EDB649 /* Floor.cpp in Sources */ = {isa = PBXBuildFile; fileRef = 6E3484621C66665900EDB649 /* Floor.cpp */; };
		6E3484671C66666900EDB649 /* Room.cpp in Sources */ = {isa = PBXBuildFile; fileRef = 6E3484651C66666900EDB649 /* Room.cpp */; };
		6E41FD5E1C594A6500339344 /* Floormaker.cpp in Sources */ = {isa = PBXBuildFile; fileRef = 6E41FD5C1C594A6500339344 /* Floormaker.cpp */; };
		6E41FD611C594A6F00339344 /* GridPos.cpp in Sources */ = {isa = PBXBuildFile; fileRef = 6E41FD5F1C594A6F00339344 /* GridPos.cpp */; };
		6E4C7C4E1C84A09200B4B7D8 /* SpawnRoom.cpp in Sources */ = {isa = PBXBuildFile; fileRef = 6E4C7C4C1C84A09200B4B7D8 /* SpawnRoom.cpp */; };
		6E95FC9B1C84D1BF003F8E4B /* Door.cpp in Sources */ = {isa = PBXBuildFile; fileRef = 6E95FC991C84D1BF003F8E4B /* Door.cpp */; };
		6E9664A81C7376B9007FC13B /* GameObject.cpp in Sources */ = {isa = PBXBuildFile; fileRef = 6E9664A61C7376B9007FC13B /* GameObject.cpp */; };
		6E9664AC1C7376DF007FC13B /* Entity.cpp in Sources */ = {isa = PBXBuildFile; fileRef = 6E9664AA1C7376DF007FC13B /* Entity.cpp */; };
		6EA7A5141C61084B00F9B303 /* Sprite.cpp in Sources */ = {isa = PBXBuildFile; fileRef = 6EA7A5121C61084B00F9B303 /* Sprite.cpp */; };
		E4328149138ABC9F0047C5CB /* openFrameworksDebug.a in Frameworks */ = {isa = PBXBuildFile; fileRef = E4328148138ABC890047C5CB /* openFrameworksDebug.a */; };
		E4B69E200A3A1BDC003C02F2 /* main.cpp in Sources */ = {isa = PBXBuildFile; fileRef = E4B69E1D0A3A1BDC003C02F2 /* main.cpp */; };
		E4B69E210A3A1BDC003C02F2 /* ofApp.cpp in Sources */ = {isa = PBXBuildFile; fileRef = E4B69E1E0A3A1BDC003C02F2 /* ofApp.cpp */; };
/* End PBXBuildFile section */

/* Begin PBXContainerItemProxy section */
		E4328147138ABC890047C5CB /* PBXContainerItemProxy */ = {
			isa = PBXContainerItemProxy;
			containerPortal = E4328143138ABC890047C5CB /* openFrameworksLib.xcodeproj */;
			proxyType = 2;
			remoteGlobalIDString = E4B27C1510CBEB8E00536013;
			remoteInfo = openFrameworks;
		};
		E4EEB9AB138B136A00A80321 /* PBXContainerItemProxy */ = {
			isa = PBXContainerItemProxy;
			containerPortal = E4328143138ABC890047C5CB /* openFrameworksLib.xcodeproj */;
			proxyType = 1;
			remoteGlobalIDString = E4B27C1410CBEB8E00536013;
			remoteInfo = openFrameworks;
		};
/* End PBXContainerItemProxy section */

/* Begin PBXCopyFilesBuildPhase section */
		E4C2427710CC5ABF004149E2 /* CopyFiles */ = {
			isa = PBXCopyFilesBuildPhase;
			buildActionMask = 2147483647;
			dstPath = "";
			dstSubfolderSpec = 10;
			files = (
			);
			runOnlyForDeploymentPostprocessing = 0;
		};
/* End PBXCopyFilesBuildPhase section */

/* Begin PBXFileReference section */
		6E04F9661C7F21A800D24389 /* Player.cpp */ = {isa = PBXFileReference; fileEncoding = 4; lastKnownFileType = sourcecode.cpp.cpp; name = Player.cpp; path = GameObject/Entity/Player/Player.cpp; sourceTree = "<group>"; };
		6E04F9671C7F21A800D24389 /* Player.h */ = {isa = PBXFileReference; fileEncoding = 4; lastKnownFileType = sourcecode.c.h; name = Player.h; path = GameObject/Entity/Player/Player.h; sourceTree = "<group>"; };
		6E2CA2611C6CAFC1009474C8 /* NormalRoom.cpp */ = {isa = PBXFileReference; fileEncoding = 4; lastKnownFileType = sourcecode.cpp.cpp; name = NormalRoom.cpp; path = Room/NormalRoom/NormalRoom.cpp; sourceTree = "<group>"; };
		6E2CA2621C6CAFC1009474C8 /* NormalRoom.h */ = {isa = PBXFileReference; fileEncoding = 4; lastKnownFileType = sourcecode.c.h; name = NormalRoom.h; path = Room/NormalRoom/NormalRoom.h; sourceTree = "<group>"; };
		6E2CA2641C6CAFD5009474C8 /* BossRoom.cpp */ = {isa = PBXFileReference; fileEncoding = 4; lastKnownFileType = sourcecode.cpp.cpp; name = BossRoom.cpp; path = Room/BossRoom/BossRoom.cpp; sourceTree = "<group>"; };
		6E2CA2651C6CAFD5009474C8 /* BossRoom.h */ = {isa = PBXFileReference; fileEncoding = 4; lastKnownFileType = sourcecode.c.h; name = BossRoom.h; path = Room/BossRoom/BossRoom.h; sourceTree = "<group>"; };
		6E2CA2671C6CAFE7009474C8 /* ItemRoom.cpp */ = {isa = PBXFileReference; fileEncoding = 4; lastKnownFileType = sourcecode.cpp.cpp; name = ItemRoom.cpp; path = Room/ItemRoom/ItemRoom.cpp; sourceTree = "<group>"; };
		6E2CA2681C6CAFE7009474C8 /* ItemRoom.h */ = {isa = PBXFileReference; fileEncoding = 4; lastKnownFileType = sourcecode.c.h; name = ItemRoom.h; path = Room/ItemRoom/ItemRoom.h; sourceTree = "<group>"; };
		6E2CA26A1C6CAFFB009474C8 /* ShopRoom.cpp */ = {isa = PBXFileReference; fileEncoding = 4; lastKnownFileType = sourcecode.cpp.cpp; name = ShopRoom.cpp; path = Room/ShopRoom/ShopRoom.cpp; sourceTree = "<group>"; };
		6E2CA26B1C6CAFFB009474C8 /* ShopRoom.h */ = {isa = PBXFileReference; fileEncoding = 4; lastKnownFileType = sourcecode.c.h; name = ShopRoom.h; path = Room/ShopRoom/ShopRoom.h; sourceTree = "<group>"; };
		6E3484621C66665900EDB649 /* Floor.cpp */ = {isa = PBXFileReference; fileEncoding = 4; lastKnownFileType = sourcecode.cpp.cpp; name = Floor.cpp; path = Floor/Floor.cpp; sourceTree = "<group>"; };
		6E3484631C66665900EDB649 /* Floor.h */ = {isa = PBXFileReference; fileEncoding = 4; lastKnownFileType = sourcecode.c.h; name = Floor.h; path = Floor/Floor.h; sourceTree = "<group>"; };
		6E3484651C66666900EDB649 /* Room.cpp */ = {isa = PBXFileReference; fileEncoding = 4; lastKnownFileType = sourcecode.cpp.cpp; name = Room.cpp; path = Room/Room.cpp; sourceTree = "<group>"; };
		6E3484661C66666900EDB649 /* Room.h */ = {isa = PBXFileReference; fileEncoding = 4; lastKnownFileType = sourcecode.c.h; name = Room.h; path = Room/Room.h; sourceTree = "<group>"; };
		6E41FD5C1C594A6500339344 /* Floormaker.cpp */ = {isa = PBXFileReference; fileEncoding = 4; lastKnownFileType = sourcecode.cpp.cpp; path = Floormaker.cpp; sourceTree = "<group>"; };
		6E41FD5D1C594A6500339344 /* Floormaker.h */ = {isa = PBXFileReference; fileEncoding = 4; lastKnownFileType = sourcecode.c.h; path = Floormaker.h; sourceTree = "<group>"; };
		6E41FD5F1C594A6F00339344 /* GridPos.cpp */ = {isa = PBXFileReference; fileEncoding = 4; lastKnownFileType = sourcecode.cpp.cpp; path = GridPos.cpp; sourceTree = "<group>"; };
		6E41FD601C594A6F00339344 /* GridPos.h */ = {isa = PBXFileReference; fileEncoding = 4; lastKnownFileType = sourcecode.c.h; path = GridPos.h; sourceTree = "<group>"; };
		6E4C7C4C1C84A09200B4B7D8 /* SpawnRoom.cpp */ = {isa = PBXFileReference; fileEncoding = 4; lastKnownFileType = sourcecode.cpp.cpp; name = SpawnRoom.cpp; path = Room/SpawnRoom/SpawnRoom.cpp; sourceTree = "<group>"; };
		6E4C7C4D1C84A09200B4B7D8 /* SpawnRoom.h */ = {isa = PBXFileReference; fileEncoding = 4; lastKnownFileType = sourcecode.c.h; name = SpawnRoom.h; path = Room/SpawnRoom/SpawnRoom.h; sourceTree = "<group>"; };
		6E95FC991C84D1BF003F8E4B /* Door.cpp */ = {isa = PBXFileReference; fileEncoding = 4; lastKnownFileType = sourcecode.cpp.cpp; name = Door.cpp; path = GameObject/Door/Door.cpp; sourceTree = "<group>"; };
		6E95FC9A1C84D1BF003F8E4B /* Door.hpp */ = {isa = PBXFileReference; fileEncoding = 4; lastKnownFileType = sourcecode.cpp.h; name = Door.hpp; path = GameObject/Door/Door.hpp; sourceTree = "<group>"; };
		6E9664A61C7376B9007FC13B /* GameObject.cpp */ = {isa = PBXFileReference; fileEncoding = 4; lastKnownFileType = sourcecode.cpp.cpp; name = GameObject.cpp; path = GameObject/GameObject.cpp; sourceTree = "<group>"; };
		6E9664A71C7376B9007FC13B /* GameObject.h */ = {isa = PBXFileReference; fileEncoding = 4; lastKnownFileType = sourcecode.c.h; name = GameObject.h; path = GameObject/GameObject.h; sourceTree = "<group>"; };
		6E9664AA1C7376DF007FC13B /* Entity.cpp */ = {isa = PBXFileReference; fileEncoding = 4; lastKnownFileType = sourcecode.cpp.cpp; name = Entity.cpp; path = GameObject/Entity/Entity.cpp; sourceTree = "<group>"; };
		6E9664AB1C7376DF007FC13B /* Entity.h */ = {isa = PBXFileReference; fileEncoding = 4; lastKnownFileType = sourcecode.c.h; name = Entity.h; path = GameObject/Entity/Entity.h; sourceTree = "<group>"; };
		6EA7A5121C61084B00F9B303 /* Sprite.cpp */ = {isa = PBXFileReference; fileEncoding = 4; lastKnownFileType = sourcecode.cpp.cpp; path = Sprite.cpp; sourceTree = "<group>"; };
		6EA7A5131C61084B00F9B303 /* Sprite.h */ = {isa = PBXFileReference; fileEncoding = 4; lastKnownFileType = sourcecode.c.h; path = Sprite.h; sourceTree = "<group>"; };
		E4328143138ABC890047C5CB /* openFrameworksLib.xcodeproj */ = {isa = PBXFileReference; lastKnownFileType = "wrapper.pb-project"; name = openFrameworksLib.xcodeproj; path = ../../../libs/openFrameworksCompiled/project/osx/openFrameworksLib.xcodeproj; sourceTree = SOURCE_ROOT; };
		E4B69B5B0A3A1756003C02F2 /* dungeon_crawlerDebug.app */ = {isa = PBXFileReference; explicitFileType = wrapper.application; includeInIndex = 0; path = dungeon_crawlerDebug.app; sourceTree = BUILT_PRODUCTS_DIR; };
		E4B69E1D0A3A1BDC003C02F2 /* main.cpp */ = {isa = PBXFileReference; fileEncoding = 30; lastKnownFileType = sourcecode.cpp.cpp; name = main.cpp; path = src/main.cpp; sourceTree = SOURCE_ROOT; };
		E4B69E1E0A3A1BDC003C02F2 /* ofApp.cpp */ = {isa = PBXFileReference; explicitFileType = sourcecode.cpp.cpp; fileEncoding = 30; name = ofApp.cpp; path = src/ofApp.cpp; sourceTree = SOURCE_ROOT; };
		E4B69E1F0A3A1BDC003C02F2 /* ofApp.h */ = {isa = PBXFileReference; fileEncoding = 30; lastKnownFileType = sourcecode.c.h; name = ofApp.h; path = src/ofApp.h; sourceTree = SOURCE_ROOT; };
		E4B6FCAD0C3E899E008CF71C /* openFrameworks-Info.plist */ = {isa = PBXFileReference; fileEncoding = 30; lastKnownFileType = text.plist.xml; path = "openFrameworks-Info.plist"; sourceTree = "<group>"; };
		E4EB691F138AFCF100A09F29 /* CoreOF.xcconfig */ = {isa = PBXFileReference; fileEncoding = 4; lastKnownFileType = text.xcconfig; name = CoreOF.xcconfig; path = ../../../libs/openFrameworksCompiled/project/osx/CoreOF.xcconfig; sourceTree = SOURCE_ROOT; };
		E4EB6923138AFD0F00A09F29 /* Project.xcconfig */ = {isa = PBXFileReference; fileEncoding = 4; lastKnownFileType = text.xcconfig; path = Project.xcconfig; sourceTree = "<group>"; };
/* End PBXFileReference section */

/* Begin PBXFrameworksBuildPhase section */
		E4B69B590A3A1756003C02F2 /* Frameworks */ = {
			isa = PBXFrameworksBuildPhase;
			buildActionMask = 2147483647;
			files = (
				E4328149138ABC9F0047C5CB /* openFrameworksDebug.a in Frameworks */,
			);
			runOnlyForDeploymentPostprocessing = 0;
		};
/* End PBXFrameworksBuildPhase section */

/* Begin PBXGroup section */
		6948EE371B920CB800B5AC1A /* local_addons */ = {
			isa = PBXGroup;
			children = (
			);
			name = local_addons;
			sourceTree = "<group>";
		};
		6E04F9651C7F219A00D24389 /* Player */ = {
			isa = PBXGroup;
			children = (
				6E04F9661C7F21A800D24389 /* Player.cpp */,
				6E04F9671C7F21A800D24389 /* Player.h */,
			);
			name = Player;
			sourceTree = "<group>";
		};
		6E2CA25D1C6CAF91009474C8 /* Normal */ = {
			isa = PBXGroup;
			children = (
				6E2CA2611C6CAFC1009474C8 /* NormalRoom.cpp */,
				6E2CA2621C6CAFC1009474C8 /* NormalRoom.h */,
			);
			name = Normal;
			sourceTree = "<group>";
		};
		6E2CA25E1C6CAF9D009474C8 /* Boss */ = {
			isa = PBXGroup;
			children = (
				6E2CA2641C6CAFD5009474C8 /* BossRoom.cpp */,
				6E2CA2651C6CAFD5009474C8 /* BossRoom.h */,
			);
			name = Boss;
			sourceTree = "<group>";
		};
		6E2CA25F1C6CAFA3009474C8 /* Item */ = {
			isa = PBXGroup;
			children = (
				6E2CA2671C6CAFE7009474C8 /* ItemRoom.cpp */,
				6E2CA2681C6CAFE7009474C8 /* ItemRoom.h */,
			);
			name = Item;
			sourceTree = "<group>";
		};
		6E2CA2601C6CAFA7009474C8 /* Shop */ = {
			isa = PBXGroup;
			children = (
				6E2CA26A1C6CAFFB009474C8 /* ShopRoom.cpp */,
				6E2CA26B1C6CAFFB009474C8 /* ShopRoom.h */,
			);
			name = Shop;
			sourceTree = "<group>";
		};
		6E38EDEF1C849FED009FD942 /* Spawn */ = {
			isa = PBXGroup;
			children = (
				6E4C7C4C1C84A09200B4B7D8 /* SpawnRoom.cpp */,
				6E4C7C4D1C84A09200B4B7D8 /* SpawnRoom.h */,
			);
			name = Spawn;
			sourceTree = "<group>";
		};
		6E4C7C511C84C31A00B4B7D8 /* Door */ = {
			isa = PBXGroup;
			children = (
				6E95FC991C84D1BF003F8E4B /* Door.cpp */,
				6E95FC9A1C84D1BF003F8E4B /* Door.hpp */,
			);
			name = Door;
			sourceTree = "<group>";
		};
		6E9664A51C7376A2007FC13B /* GameObject */ = {
			isa = PBXGroup;
			children = (
				6E4C7C511C84C31A00B4B7D8 /* Door */,
				6E9664A61C7376B9007FC13B /* GameObject.cpp */,
				6E9664A71C7376B9007FC13B /* GameObject.h */,
				6E9664A91C7376D0007FC13B /* Entity */,
			);
			name = GameObject;
			sourceTree = "<group>";
		};
		6E9664A91C7376D0007FC13B /* Entity */ = {
			isa = PBXGroup;
			children = (
				6E9664AA1C7376DF007FC13B /* Entity.cpp */,
				6E9664AB1C7376DF007FC13B /* Entity.h */,
				6E04F9651C7F219A00D24389 /* Player */,
			);
			name = Entity;
			sourceTree = "<group>";
		};
		6EA7A4AF1C61059C00F9B303 /* Floormaker */ = {
			isa = PBXGroup;
			children = (
				6E41FD5F1C594A6F00339344 /* GridPos.cpp */,
				6E41FD601C594A6F00339344 /* GridPos.h */,
				6E41FD5C1C594A6500339344 /* Floormaker.cpp */,
				6E41FD5D1C594A6500339344 /* Floormaker.h */,
			);
			name = Floormaker;
			sourceTree = "<group>";
		};
		6EA7A4B01C6105AC00F9B303 /* Rooms */ = {
			isa = PBXGroup;
			children = (
				6E38EDEF1C849FED009FD942 /* Spawn */,
				6E2CA25E1C6CAF9D009474C8 /* Boss */,
				6E2CA25F1C6CAFA3009474C8 /* Item */,
				6E2CA2601C6CAFA7009474C8 /* Shop */,
				6E2CA25D1C6CAF91009474C8 /* Normal */,
				6E3484651C66666900EDB649 /* Room.cpp */,
				6E3484661C66666900EDB649 /* Room.h */,
			);
			name = Rooms;
			sourceTree = "<group>";
		};
		6EA7A4B11C6105B600F9B303 /* Floor */ = {
			isa = PBXGroup;
			children = (
				6E3484621C66665900EDB649 /* Floor.cpp */,
				6E3484631C66665900EDB649 /* Floor.h */,
			);
			name = Floor;
			sourceTree = "<group>";
		};
		6EA7A5111C61084B00F9B303 /* Sprite */ = {
			isa = PBXGroup;
			children = (
				6EA7A5121C61084B00F9B303 /* Sprite.cpp */,
				6EA7A5131C61084B00F9B303 /* Sprite.h */,
			);
			path = Sprite;
			sourceTree = "<group>";
		};
		BB4B014C10F69532006C3DED /* addons */ = {
			isa = PBXGroup;
			children = (
			);
			name = addons;
			sourceTree = "<group>";
		};
		E4328144138ABC890047C5CB /* Products */ = {
			isa = PBXGroup;
			children = (
				E4328148138ABC890047C5CB /* openFrameworksDebug.a */,
			);
			name = Products;
			sourceTree = "<group>";
		};
		E4B69B4A0A3A1720003C02F2 = {
			isa = PBXGroup;
			children = (
				E4B6FCAD0C3E899E008CF71C /* openFrameworks-Info.plist */,
				E4EB6923138AFD0F00A09F29 /* Project.xcconfig */,
				E4B69E1C0A3A1BDC003C02F2 /* src */,
				E4EEC9E9138DF44700A80321 /* openFrameworks */,
				BB4B014C10F69532006C3DED /* addons */,
				6948EE371B920CB800B5AC1A /* local_addons */,
				E4B69B5B0A3A1756003C02F2 /* dungeon_crawlerDebug.app */,
			);
			sourceTree = "<group>";
		};
		E4B69E1C0A3A1BDC003C02F2 /* src */ = {
			isa = PBXGroup;
			children = (
				6E9664A51C7376A2007FC13B /* GameObject */,
				6EA7A5111C61084B00F9B303 /* Sprite */,
				6EA7A4B11C6105B600F9B303 /* Floor */,
				6EA7A4B01C6105AC00F9B303 /* Rooms */,
				6EA7A4AF1C61059C00F9B303 /* Floormaker */,
				E4B69E1D0A3A1BDC003C02F2 /* main.cpp */,
				E4B69E1E0A3A1BDC003C02F2 /* ofApp.cpp */,
				E4B69E1F0A3A1BDC003C02F2 /* ofApp.h */,
			);
			path = src;
			sourceTree = SOURCE_ROOT;
		};
		E4EEC9E9138DF44700A80321 /* openFrameworks */ = {
			isa = PBXGroup;
			children = (
				E4EB691F138AFCF100A09F29 /* CoreOF.xcconfig */,
				E4328143138ABC890047C5CB /* openFrameworksLib.xcodeproj */,
			);
			name = openFrameworks;
			sourceTree = "<group>";
		};
/* End PBXGroup section */

/* Begin PBXNativeTarget section */
		E4B69B5A0A3A1756003C02F2 /* dungeon_crawler */ = {
			isa = PBXNativeTarget;
			buildConfigurationList = E4B69B5F0A3A1757003C02F2 /* Build configuration list for PBXNativeTarget "dungeon_crawler" */;
			buildPhases = (
				E4B69B580A3A1756003C02F2 /* Sources */,
				E4B69B590A3A1756003C02F2 /* Frameworks */,
				E4B6FFFD0C3F9AB9008CF71C /* ShellScript */,
				E4C2427710CC5ABF004149E2 /* CopyFiles */,
			);
			buildRules = (
			);
			dependencies = (
				E4EEB9AC138B136A00A80321 /* PBXTargetDependency */,
			);
			name = dungeon_crawler;
			productName = myOFApp;
			productReference = E4B69B5B0A3A1756003C02F2 /* dungeon_crawlerDebug.app */;
			productType = "com.apple.product-type.application";
		};
/* End PBXNativeTarget section */

/* Begin PBXProject section */
		E4B69B4C0A3A1720003C02F2 /* Project object */ = {
			isa = PBXProject;
			attributes = {
				LastUpgradeCheck = 0600;
			};
			buildConfigurationList = E4B69B4D0A3A1720003C02F2 /* Build configuration list for PBXProject "dungeon_crawler" */;
			compatibilityVersion = "Xcode 3.2";
			developmentRegion = English;
			hasScannedForEncodings = 0;
			knownRegions = (
				English,
				Japanese,
				French,
				German,
			);
			mainGroup = E4B69B4A0A3A1720003C02F2;
			productRefGroup = E4B69B4A0A3A1720003C02F2;
			projectDirPath = "";
			projectReferences = (
				{
					ProductGroup = E4328144138ABC890047C5CB /* Products */;
					ProjectRef = E4328143138ABC890047C5CB /* openFrameworksLib.xcodeproj */;
				},
			);
			projectRoot = "";
			targets = (
				E4B69B5A0A3A1756003C02F2 /* dungeon_crawler */,
			);
		};
/* End PBXProject section */

/* Begin PBXReferenceProxy section */
		E4328148138ABC890047C5CB /* openFrameworksDebug.a */ = {
			isa = PBXReferenceProxy;
			fileType = archive.ar;
			path = openFrameworksDebug.a;
			remoteRef = E4328147138ABC890047C5CB /* PBXContainerItemProxy */;
			sourceTree = BUILT_PRODUCTS_DIR;
		};
/* End PBXReferenceProxy section */

/* Begin PBXShellScriptBuildPhase section */
		E4B6FFFD0C3F9AB9008CF71C /* ShellScript */ = {
			isa = PBXShellScriptBuildPhase;
			buildActionMask = 2147483647;
			files = (
			);
			inputPaths = (
			);
			outputPaths = (
			);
			runOnlyForDeploymentPostprocessing = 0;
			shellPath = /bin/sh;
			shellScript = "rsync -aved ../../../libs/fmodex/lib/osx/libfmodex.dylib \"$TARGET_BUILD_DIR/$PRODUCT_NAME.app/Contents/MacOS/\"; install_name_tool -change ./libfmodex.dylib @executable_path/libfmodex.dylib \"$TARGET_BUILD_DIR/$PRODUCT_NAME.app/Contents/MacOS/$PRODUCT_NAME\";\nmkdir -p \"$TARGET_BUILD_DIR/$PRODUCT_NAME.app/Contents/Resources/\"\nrsync -aved \"$ICON_FILE\" \"$TARGET_BUILD_DIR/$PRODUCT_NAME.app/Contents/Resources/\"\nrsync -aved ../../../libs/glut/lib/osx/GLUT.framework \"$TARGET_BUILD_DIR/$PRODUCT_NAME.app/Contents/Frameworks/\"\n";
		};
/* End PBXShellScriptBuildPhase section */

/* Begin PBXSourcesBuildPhase section */
		E4B69B580A3A1756003C02F2 /* Sources */ = {
			isa = PBXSourcesBuildPhase;
			buildActionMask = 2147483647;
			files = (
				6E2CA26C1C6CAFFB009474C8 /* ShopRoom.cpp in Sources */,
				6E41FD611C594A6F00339344 /* GridPos.cpp in Sources */,
				6E9664AC1C7376DF007FC13B /* Entity.cpp in Sources */,
				6E9664A81C7376B9007FC13B /* GameObject.cpp in Sources */,
				6E2CA2661C6CAFD5009474C8 /* BossRoom.cpp in Sources */,
				E4B69E200A3A1BDC003C02F2 /* main.cpp in Sources */,
				6E4C7C4E1C84A09200B4B7D8 /* SpawnRoom.cpp in Sources */,
				6E41FD5E1C594A6500339344 /* Floormaker.cpp in Sources */,
				6E2CA2691C6CAFE7009474C8 /* ItemRoom.cpp in Sources */,
				6E2CA2631C6CAFC1009474C8 /* NormalRoom.cpp in Sources */,
				6E3484671C66666900EDB649 /* Room.cpp in Sources */,
				E4B69E210A3A1BDC003C02F2 /* ofApp.cpp in Sources */,
				6E3484641C66665900EDB649 /* Floor.cpp in Sources */,
				6E95FC9B1C84D1BF003F8E4B /* Door.cpp in Sources */,
				6EA7A5141C61084B00F9B303 /* Sprite.cpp in Sources */,
				6E04F9681C7F21A800D24389 /* Player.cpp in Sources */,
			);
			runOnlyForDeploymentPostprocessing = 0;
		};
/* End PBXSourcesBuildPhase section */

/* Begin PBXTargetDependency section */
		E4EEB9AC138B136A00A80321 /* PBXTargetDependency */ = {
			isa = PBXTargetDependency;
			name = openFrameworks;
			targetProxy = E4EEB9AB138B136A00A80321 /* PBXContainerItemProxy */;
		};
/* End PBXTargetDependency section */

/* Begin XCBuildConfiguration section */
		E4B69B4E0A3A1720003C02F2 /* Debug */ = {
			isa = XCBuildConfiguration;
			baseConfigurationReference = E4EB6923138AFD0F00A09F29 /* Project.xcconfig */;
			buildSettings = {
				CONFIGURATION_BUILD_DIR = "$(SRCROOT)/bin/";
				COPY_PHASE_STRIP = NO;
				DEAD_CODE_STRIPPING = YES;
				GCC_AUTO_VECTORIZATION = YES;
				GCC_ENABLE_SSE3_EXTENSIONS = YES;
				GCC_ENABLE_SUPPLEMENTAL_SSE3_INSTRUCTIONS = YES;
				GCC_INLINES_ARE_PRIVATE_EXTERN = NO;
				GCC_OPTIMIZATION_LEVEL = 0;
				GCC_SYMBOLS_PRIVATE_EXTERN = NO;
				GCC_WARN_ABOUT_DEPRECATED_FUNCTIONS = YES;
				GCC_WARN_ABOUT_INVALID_OFFSETOF_MACRO = NO;
				GCC_WARN_ALLOW_INCOMPLETE_PROTOCOL = NO;
				GCC_WARN_UNINITIALIZED_AUTOS = NO;
				GCC_WARN_UNUSED_VALUE = NO;
				GCC_WARN_UNUSED_VARIABLE = NO;
				MACOSX_DEPLOYMENT_TARGET = 10.8;
				ONLY_ACTIVE_ARCH = YES;
				OTHER_CPLUSPLUSFLAGS = (
					"-D__MACOSX_CORE__",
					"-mtune=native",
				);
				SDKROOT = macosx;
			};
			name = Debug;
		};
		E4B69B4F0A3A1720003C02F2 /* Release */ = {
			isa = XCBuildConfiguration;
			baseConfigurationReference = E4EB6923138AFD0F00A09F29 /* Project.xcconfig */;
			buildSettings = {
				CONFIGURATION_BUILD_DIR = "$(SRCROOT)/bin/";
				COPY_PHASE_STRIP = YES;
				DEAD_CODE_STRIPPING = YES;
				GCC_AUTO_VECTORIZATION = YES;
				GCC_ENABLE_SSE3_EXTENSIONS = YES;
				GCC_ENABLE_SUPPLEMENTAL_SSE3_INSTRUCTIONS = YES;
				GCC_INLINES_ARE_PRIVATE_EXTERN = NO;
				GCC_OPTIMIZATION_LEVEL = 3;
				GCC_SYMBOLS_PRIVATE_EXTERN = NO;
				GCC_UNROLL_LOOPS = YES;
				GCC_WARN_ABOUT_DEPRECATED_FUNCTIONS = YES;
				GCC_WARN_ABOUT_INVALID_OFFSETOF_MACRO = NO;
				GCC_WARN_ALLOW_INCOMPLETE_PROTOCOL = NO;
				GCC_WARN_UNINITIALIZED_AUTOS = NO;
				GCC_WARN_UNUSED_VALUE = NO;
				GCC_WARN_UNUSED_VARIABLE = NO;
				MACOSX_DEPLOYMENT_TARGET = 10.8;
				OTHER_CPLUSPLUSFLAGS = (
					"-D__MACOSX_CORE__",
					"-mtune=native",
				);
				SDKROOT = macosx;
			};
			name = Release;
		};
		E4B69B600A3A1757003C02F2 /* Debug */ = {
			isa = XCBuildConfiguration;
			baseConfigurationReference = E4EB6923138AFD0F00A09F29 /* Project.xcconfig */;
			buildSettings = {
				COMBINE_HIDPI_IMAGES = YES;
				COPY_PHASE_STRIP = NO;
				FRAMEWORK_SEARCH_PATHS = (
					"$(inherited)",
					"$(FRAMEWORK_SEARCH_PATHS_QUOTED_FOR_TARGET_1)",
				);
				FRAMEWORK_SEARCH_PATHS_QUOTED_FOR_TARGET_1 = "\"$(SRCROOT)/../../../libs/glut/lib/osx\"";
				GCC_DYNAMIC_NO_PIC = NO;
				GCC_GENERATE_DEBUGGING_SYMBOLS = YES;
				GCC_MODEL_TUNING = NONE;
				ICON = "$(ICON_NAME_DEBUG)";
				ICON_FILE = "$(ICON_FILE_PATH)$(ICON)";
				INFOPLIST_FILE = "openFrameworks-Info.plist";
				INSTALL_PATH = "$(HOME)/Applications";
				LIBRARY_SEARCH_PATHS = "$(inherited)";
				PRODUCT_NAME = "$(TARGET_NAME)Debug";
				WRAPPER_EXTENSION = app;
			};
			name = Debug;
		};
		E4B69B610A3A1757003C02F2 /* Release */ = {
			isa = XCBuildConfiguration;
			baseConfigurationReference = E4EB6923138AFD0F00A09F29 /* Project.xcconfig */;
			buildSettings = {
				COMBINE_HIDPI_IMAGES = YES;
				COPY_PHASE_STRIP = YES;
				FRAMEWORK_SEARCH_PATHS = (
					"$(inherited)",
					"$(FRAMEWORK_SEARCH_PATHS_QUOTED_FOR_TARGET_1)",
				);
				FRAMEWORK_SEARCH_PATHS_QUOTED_FOR_TARGET_1 = "\"$(SRCROOT)/../../../libs/glut/lib/osx\"";
				GCC_GENERATE_DEBUGGING_SYMBOLS = YES;
				GCC_MODEL_TUNING = NONE;
				ICON = "$(ICON_NAME_RELEASE)";
				ICON_FILE = "$(ICON_FILE_PATH)$(ICON)";
				INFOPLIST_FILE = "openFrameworks-Info.plist";
				INSTALL_PATH = "$(HOME)/Applications";
				LIBRARY_SEARCH_PATHS = "$(inherited)";
				PRODUCT_NAME = "$(TARGET_NAME)";
				WRAPPER_EXTENSION = app;
				baseConfigurationReference = E4EB6923138AFD0F00A09F29;
			};
			name = Release;
		};
/* End XCBuildConfiguration section */

/* Begin XCConfigurationList section */
		E4B69B4D0A3A1720003C02F2 /* Build configuration list for PBXProject "dungeon_crawler" */ = {
			isa = XCConfigurationList;
			buildConfigurations = (
				E4B69B4E0A3A1720003C02F2 /* Debug */,
				E4B69B4F0A3A1720003C02F2 /* Release */,
			);
			defaultConfigurationIsVisible = 0;
			defaultConfigurationName = Release;
		};
		E4B69B5F0A3A1757003C02F2 /* Build configuration list for PBXNativeTarget "dungeon_crawler" */ = {
			isa = XCConfigurationList;
			buildConfigurations = (
				E4B69B600A3A1757003C02F2 /* Debug */,
				E4B69B610A3A1757003C02F2 /* Release */,
			);
			defaultConfigurationIsVisible = 0;
			defaultConfigurationName = Release;
		};
/* End XCConfigurationList section */
	};
	rootObject = E4B69B4C0A3A1720003C02F2 /* Project object */;
}
